// !$*UTF8*$!
{
	archiveVersion = 1;
	classes = {
	};
	objectVersion = 46;
	objects = {

/* Begin PBXBuildFile section */
		FD33739F1AAAF2AA00720414 /* main.m in Sources */ = {isa = PBXBuildFile; fileRef = FD33739E1AAAF2AA00720414 /* main.m */; };
		FD3373A21AAAF2AA00720414 /* AppDelegate.m in Sources */ = {isa = PBXBuildFile; fileRef = FD3373A11AAAF2AA00720414 /* AppDelegate.m */; };
		FD3373A51AAAF2AA00720414 /* ViewController.m in Sources */ = {isa = PBXBuildFile; fileRef = FD3373A41AAAF2AA00720414 /* ViewController.m */; };
		FD3373A81AAAF2AA00720414 /* Main.storyboard in Resources */ = {isa = PBXBuildFile; fileRef = FD3373A61AAAF2AA00720414 /* Main.storyboard */; };
		FD3373AA1AAAF2AA00720414 /* Images.xcassets in Resources */ = {isa = PBXBuildFile; fileRef = FD3373A91AAAF2AA00720414 /* Images.xcassets */; };
		FD3373AD1AAAF2AA00720414 /* LaunchScreen.xib in Resources */ = {isa = PBXBuildFile; fileRef = FD3373AB1AAAF2AA00720414 /* LaunchScreen.xib */; };
		FD3373B91AAAF2AA00720414 /* AppExtensionTest1Tests.m in Sources */ = {isa = PBXBuildFile; fileRef = FD3373B81AAAF2AA00720414 /* AppExtensionTest1Tests.m */; };
		FD3373C91AAAF2D000720414 /* NotificationCenter.framework in Frameworks */ = {isa = PBXBuildFile; fileRef = FD3373C81AAAF2D000720414 /* NotificationCenter.framework */; };
		FD3373CF1AAAF2D000720414 /* TodayViewController.m in Sources */ = {isa = PBXBuildFile; fileRef = FD3373CE1AAAF2D000720414 /* TodayViewController.m */; };
		FD3373D11AAAF2D000720414 /* MainInterface.storyboard in Resources */ = {isa = PBXBuildFile; fileRef = FD3373D01AAAF2D000720414 /* MainInterface.storyboard */; };
		FD3373D41AAAF2D000720414 /* Widget.appex in Embed App Extensions */ = {isa = PBXBuildFile; fileRef = FD3373C61AAAF2D000720414 /* Widget.appex */; settings = {ATTRIBUTES = (RemoveHeadersOnCopy, ); }; };
		FD7FE2071AAB122500BD0FC2 /* image1.png in Resources */ = {isa = PBXBuildFile; fileRef = FD7FE2061AAB122500BD0FC2 /* image1.png */; };
		FD7FE2081AAB122500BD0FC2 /* image1.png in Resources */ = {isa = PBXBuildFile; fileRef = FD7FE2061AAB122500BD0FC2 /* image1.png */; };
		FD7FE20A1AAB122B00BD0FC2 /* image2.png in Resources */ = {isa = PBXBuildFile; fileRef = FD7FE2091AAB122B00BD0FC2 /* image2.png */; };
		FD7FE20B1AAB122B00BD0FC2 /* image2.png in Resources */ = {isa = PBXBuildFile; fileRef = FD7FE2091AAB122B00BD0FC2 /* image2.png */; };
		FD7FE20D1AAB123000BD0FC2 /* image3.png in Resources */ = {isa = PBXBuildFile; fileRef = FD7FE20C1AAB123000BD0FC2 /* image3.png */; };
		FD7FE20E1AAB123000BD0FC2 /* image3.png in Resources */ = {isa = PBXBuildFile; fileRef = FD7FE20C1AAB123000BD0FC2 /* image3.png */; };
/* End PBXBuildFile section */

/* Begin PBXContainerItemProxy section */
		FD3373B31AAAF2AA00720414 /* PBXContainerItemProxy */ = {
			isa = PBXContainerItemProxy;
			containerPortal = FD3373911AAAF2AA00720414 /* Project object */;
			proxyType = 1;
			remoteGlobalIDString = FD3373981AAAF2AA00720414;
			remoteInfo = AppExtensionTest1;
		};
		FD3373D21AAAF2D000720414 /* PBXContainerItemProxy */ = {
			isa = PBXContainerItemProxy;
			containerPortal = FD3373911AAAF2AA00720414 /* Project object */;
			proxyType = 1;
			remoteGlobalIDString = FD3373C51AAAF2D000720414;
			remoteInfo = Widget;
		};
/* End PBXContainerItemProxy section */

/* Begin PBXCopyFilesBuildPhase section */
		FD3373D81AAAF2D000720414 /* Embed App Extensions */ = {
			isa = PBXCopyFilesBuildPhase;
			buildActionMask = 2147483647;
			dstPath = "";
			dstSubfolderSpec = 13;
			files = (
				FD3373D41AAAF2D000720414 /* Widget.appex in Embed App Extensions */,
			);
			name = "Embed App Extensions";
			runOnlyForDeploymentPostprocessing = 0;
		};
/* End PBXCopyFilesBuildPhase section */

/* Begin PBXFileReference section */
		FD3373991AAAF2AA00720414 /* AppExtensionTest1.app */ = {isa = PBXFileReference; explicitFileType = wrapper.application; includeInIndex = 0; path = AppExtensionTest1.app; sourceTree = BUILT_PRODUCTS_DIR; };
		FD33739D1AAAF2AA00720414 /* Info.plist */ = {isa = PBXFileReference; lastKnownFileType = text.plist.xml; path = Info.plist; sourceTree = "<group>"; };
		FD33739E1AAAF2AA00720414 /* main.m */ = {isa = PBXFileReference; lastKnownFileType = sourcecode.c.objc; path = main.m; sourceTree = "<group>"; };
		FD3373A01AAAF2AA00720414 /* AppDelegate.h */ = {isa = PBXFileReference; lastKnownFileType = sourcecode.c.h; path = AppDelegate.h; sourceTree = "<group>"; };
		FD3373A11AAAF2AA00720414 /* AppDelegate.m */ = {isa = PBXFileReference; lastKnownFileType = sourcecode.c.objc; path = AppDelegate.m; sourceTree = "<group>"; };
		FD3373A31AAAF2AA00720414 /* ViewController.h */ = {isa = PBXFileReference; lastKnownFileType = sourcecode.c.h; path = ViewController.h; sourceTree = "<group>"; };
		FD3373A41AAAF2AA00720414 /* ViewController.m */ = {isa = PBXFileReference; lastKnownFileType = sourcecode.c.objc; path = ViewController.m; sourceTree = "<group>"; };
		FD3373A71AAAF2AA00720414 /* Base */ = {isa = PBXFileReference; lastKnownFileType = file.storyboard; name = Base; path = Base.lproj/Main.storyboard; sourceTree = "<group>"; };
		FD3373A91AAAF2AA00720414 /* Images.xcassets */ = {isa = PBXFileReference; lastKnownFileType = folder.assetcatalog; path = Images.xcassets; sourceTree = "<group>"; };
		FD3373AC1AAAF2AA00720414 /* Base */ = {isa = PBXFileReference; lastKnownFileType = file.xib; name = Base; path = Base.lproj/LaunchScreen.xib; sourceTree = "<group>"; };
		FD3373B21AAAF2AA00720414 /* AppExtensionTest1Tests.xctest */ = {isa = PBXFileReference; explicitFileType = wrapper.cfbundle; includeInIndex = 0; path = AppExtensionTest1Tests.xctest; sourceTree = BUILT_PRODUCTS_DIR; };
		FD3373B71AAAF2AA00720414 /* Info.plist */ = {isa = PBXFileReference; lastKnownFileType = text.plist.xml; path = Info.plist; sourceTree = "<group>"; };
		FD3373B81AAAF2AA00720414 /* AppExtensionTest1Tests.m */ = {isa = PBXFileReference; lastKnownFileType = sourcecode.c.objc; path = AppExtensionTest1Tests.m; sourceTree = "<group>"; };
		FD3373C61AAAF2D000720414 /* Widget.appex */ = {isa = PBXFileReference; explicitFileType = "wrapper.app-extension"; includeInIndex = 0; path = Widget.appex; sourceTree = BUILT_PRODUCTS_DIR; };
		FD3373C81AAAF2D000720414 /* NotificationCenter.framework */ = {isa = PBXFileReference; lastKnownFileType = wrapper.framework; name = NotificationCenter.framework; path = System/Library/Frameworks/NotificationCenter.framework; sourceTree = SDKROOT; };
		FD3373CC1AAAF2D000720414 /* Info.plist */ = {isa = PBXFileReference; lastKnownFileType = text.plist.xml; path = Info.plist; sourceTree = "<group>"; };
		FD3373CD1AAAF2D000720414 /* TodayViewController.h */ = {isa = PBXFileReference; lastKnownFileType = sourcecode.c.h; path = TodayViewController.h; sourceTree = "<group>"; };
		FD3373CE1AAAF2D000720414 /* TodayViewController.m */ = {isa = PBXFileReference; lastKnownFileType = sourcecode.c.objc; path = TodayViewController.m; sourceTree = "<group>"; };
		FD3373D01AAAF2D000720414 /* MainInterface.storyboard */ = {isa = PBXFileReference; lastKnownFileType = file.storyboard; path = MainInterface.storyboard; sourceTree = "<group>"; };
		FD7FE2061AAB122500BD0FC2 /* image1.png */ = {isa = PBXFileReference; lastKnownFileType = image.png; path = image1.png; sourceTree = "<group>"; };
		FD7FE2091AAB122B00BD0FC2 /* image2.png */ = {isa = PBXFileReference; lastKnownFileType = image.png; path = image2.png; sourceTree = "<group>"; };
		FD7FE20C1AAB123000BD0FC2 /* image3.png */ = {isa = PBXFileReference; lastKnownFileType = image.png; path = image3.png; sourceTree = "<group>"; };
/* End PBXFileReference section */

/* Begin PBXFrameworksBuildPhase section */
		FD3373961AAAF2AA00720414 /* Frameworks */ = {
			isa = PBXFrameworksBuildPhase;
			buildActionMask = 2147483647;
			files = (
			);
			runOnlyForDeploymentPostprocessing = 0;
		};
		FD3373AF1AAAF2AA00720414 /* Frameworks */ = {
			isa = PBXFrameworksBuildPhase;
			buildActionMask = 2147483647;
			files = (
			);
			runOnlyForDeploymentPostprocessing = 0;
		};
		FD3373C31AAAF2D000720414 /* Frameworks */ = {
			isa = PBXFrameworksBuildPhase;
			buildActionMask = 2147483647;
			files = (
				FD3373C91AAAF2D000720414 /* NotificationCenter.framework in Frameworks */,
			);
			runOnlyForDeploymentPostprocessing = 0;
		};
/* End PBXFrameworksBuildPhase section */

/* Begin PBXGroup section */
		FD3373901AAAF2AA00720414 = {
			isa = PBXGroup;
			children = (
				FD33739B1AAAF2AA00720414 /* AppExtensionTest1 */,
				FD3373B51AAAF2AA00720414 /* AppExtensionTest1Tests */,
				FD3373CA1AAAF2D000720414 /* Widget */,
				FD3373C71AAAF2D000720414 /* Frameworks */,
				FD33739A1AAAF2AA00720414 /* Products */,
				FD7FE2061AAB122500BD0FC2 /* image1.png */,
				FD7FE2091AAB122B00BD0FC2 /* image2.png */,
				FD7FE20C1AAB123000BD0FC2 /* image3.png */,
			);
			sourceTree = "<group>";
		};
		FD33739A1AAAF2AA00720414 /* Products */ = {
			isa = PBXGroup;
			children = (
				FD3373991AAAF2AA00720414 /* AppExtensionTest1.app */,
				FD3373B21AAAF2AA00720414 /* AppExtensionTest1Tests.xctest */,
				FD3373C61AAAF2D000720414 /* Widget.appex */,
			);
			name = Products;
			sourceTree = "<group>";
		};
		FD33739B1AAAF2AA00720414 /* AppExtensionTest1 */ = {
			isa = PBXGroup;
			children = (
				FD3373A01AAAF2AA00720414 /* AppDelegate.h */,
				FD3373A11AAAF2AA00720414 /* AppDelegate.m */,
				FD3373A31AAAF2AA00720414 /* ViewController.h */,
				FD3373A41AAAF2AA00720414 /* ViewController.m */,
				FD3373A61AAAF2AA00720414 /* Main.storyboard */,
				FD3373A91AAAF2AA00720414 /* Images.xcassets */,
				FD3373AB1AAAF2AA00720414 /* LaunchScreen.xib */,
				FD33739C1AAAF2AA00720414 /* Supporting Files */,
			);
			path = AppExtensionTest1;
			sourceTree = "<group>";
		};
		FD33739C1AAAF2AA00720414 /* Supporting Files */ = {
			isa = PBXGroup;
			children = (
				FD33739D1AAAF2AA00720414 /* Info.plist */,
				FD33739E1AAAF2AA00720414 /* main.m */,
			);
			name = "Supporting Files";
			sourceTree = "<group>";
		};
		FD3373B51AAAF2AA00720414 /* AppExtensionTest1Tests */ = {
			isa = PBXGroup;
			children = (
				FD3373B81AAAF2AA00720414 /* AppExtensionTest1Tests.m */,
				FD3373B61AAAF2AA00720414 /* Supporting Files */,
			);
			path = AppExtensionTest1Tests;
			sourceTree = "<group>";
		};
		FD3373B61AAAF2AA00720414 /* Supporting Files */ = {
			isa = PBXGroup;
			children = (
				FD3373B71AAAF2AA00720414 /* Info.plist */,
			);
			name = "Supporting Files";
			sourceTree = "<group>";
		};
		FD3373C71AAAF2D000720414 /* Frameworks */ = {
			isa = PBXGroup;
			children = (
				FD3373C81AAAF2D000720414 /* NotificationCenter.framework */,
			);
			name = Frameworks;
			sourceTree = "<group>";
		};
		FD3373CA1AAAF2D000720414 /* Widget */ = {
			isa = PBXGroup;
			children = (
				FD3373CD1AAAF2D000720414 /* TodayViewController.h */,
				FD3373CE1AAAF2D000720414 /* TodayViewController.m */,
				FD3373D01AAAF2D000720414 /* MainInterface.storyboard */,
				FD3373CB1AAAF2D000720414 /* Supporting Files */,
			);
			path = Widget;
			sourceTree = "<group>";
		};
		FD3373CB1AAAF2D000720414 /* Supporting Files */ = {
			isa = PBXGroup;
			children = (
				FD3373CC1AAAF2D000720414 /* Info.plist */,
			);
			name = "Supporting Files";
			sourceTree = "<group>";
		};
/* End PBXGroup section */

/* Begin PBXNativeTarget section */
		FD3373981AAAF2AA00720414 /* AppExtensionTest1 */ = {
			isa = PBXNativeTarget;
			buildConfigurationList = FD3373BC1AAAF2AA00720414 /* Build configuration list for PBXNativeTarget "AppExtensionTest1" */;
			buildPhases = (
				FD3373951AAAF2AA00720414 /* Sources */,
				FD3373961AAAF2AA00720414 /* Frameworks */,
				FD3373971AAAF2AA00720414 /* Resources */,
				FD3373D81AAAF2D000720414 /* Embed App Extensions */,
			);
			buildRules = (
			);
			dependencies = (
				FD3373D31AAAF2D000720414 /* PBXTargetDependency */,
			);
			name = AppExtensionTest1;
			productName = AppExtensionTest1;
			productReference = FD3373991AAAF2AA00720414 /* AppExtensionTest1.app */;
			productType = "com.apple.product-type.application";
		};
		FD3373B11AAAF2AA00720414 /* AppExtensionTest1Tests */ = {
			isa = PBXNativeTarget;
			buildConfigurationList = FD3373BF1AAAF2AA00720414 /* Build configuration list for PBXNativeTarget "AppExtensionTest1Tests" */;
			buildPhases = (
				FD3373AE1AAAF2AA00720414 /* Sources */,
				FD3373AF1AAAF2AA00720414 /* Frameworks */,
				FD3373B01AAAF2AA00720414 /* Resources */,
			);
			buildRules = (
			);
			dependencies = (
				FD3373B41AAAF2AA00720414 /* PBXTargetDependency */,
			);
			name = AppExtensionTest1Tests;
			productName = AppExtensionTest1Tests;
			productReference = FD3373B21AAAF2AA00720414 /* AppExtensionTest1Tests.xctest */;
			productType = "com.apple.product-type.bundle.unit-test";
		};
		FD3373C51AAAF2D000720414 /* Widget */ = {
			isa = PBXNativeTarget;
			buildConfigurationList = FD3373D51AAAF2D000720414 /* Build configuration list for PBXNativeTarget "Widget" */;
			buildPhases = (
				FD3373C21AAAF2D000720414 /* Sources */,
				FD3373C31AAAF2D000720414 /* Frameworks */,
				FD3373C41AAAF2D000720414 /* Resources */,
			);
			buildRules = (
			);
			dependencies = (
			);
			name = Widget;
			productName = Widget;
			productReference = FD3373C61AAAF2D000720414 /* Widget.appex */;
			productType = "com.apple.product-type.app-extension";
		};
/* End PBXNativeTarget section */

/* Begin PBXProject section */
		FD3373911AAAF2AA00720414 /* Project object */ = {
			isa = PBXProject;
			attributes = {
				LastUpgradeCheck = 0630;
				ORGANIZATIONNAME = "麻生 拓弥";
				TargetAttributes = {
					FD3373981AAAF2AA00720414 = {
						CreatedOnToolsVersion = 6.3;
					};
					FD3373B11AAAF2AA00720414 = {
						CreatedOnToolsVersion = 6.3;
						TestTargetID = FD3373981AAAF2AA00720414;
					};
					FD3373C51AAAF2D000720414 = {
						CreatedOnToolsVersion = 6.3;
					};
				};
			};
			buildConfigurationList = FD3373941AAAF2AA00720414 /* Build configuration list for PBXProject "AppExtensionTest1" */;
			compatibilityVersion = "Xcode 3.2";
			developmentRegion = English;
			hasScannedForEncodings = 0;
			knownRegions = (
				en,
				Base,
			);
			mainGroup = FD3373901AAAF2AA00720414;
			productRefGroup = FD33739A1AAAF2AA00720414 /* Products */;
			projectDirPath = "";
			projectRoot = "";
			targets = (
				FD3373981AAAF2AA00720414 /* AppExtensionTest1 */,
				FD3373B11AAAF2AA00720414 /* AppExtensionTest1Tests */,
				FD3373C51AAAF2D000720414 /* Widget */,
			);
		};
/* End PBXProject section */

/* Begin PBXResourcesBuildPhase section */
		FD3373971AAAF2AA00720414 /* Resources */ = {
			isa = PBXResourcesBuildPhase;
			buildActionMask = 2147483647;
			files = (
				FD3373A81AAAF2AA00720414 /* Main.storyboard in Resources */,
				FD7FE20D1AAB123000BD0FC2 /* image3.png in Resources */,
				FD7FE20A1AAB122B00BD0FC2 /* image2.png in Resources */,
				FD7FE2071AAB122500BD0FC2 /* image1.png in Resources */,
				FD3373AD1AAAF2AA00720414 /* LaunchScreen.xib in Resources */,
				FD3373AA1AAAF2AA00720414 /* Images.xcassets in Resources */,
			);
			runOnlyForDeploymentPostprocessing = 0;
		};
		FD3373B01AAAF2AA00720414 /* Resources */ = {
			isa = PBXResourcesBuildPhase;
			buildActionMask = 2147483647;
			files = (
			);
			runOnlyForDeploymentPostprocessing = 0;
		};
		FD3373C41AAAF2D000720414 /* Resources */ = {
			isa = PBXResourcesBuildPhase;
			buildActionMask = 2147483647;
			files = (
				FD3373D11AAAF2D000720414 /* MainInterface.storyboard in Resources */,
				FD7FE2081AAB122500BD0FC2 /* image1.png in Resources */,
				FD7FE20B1AAB122B00BD0FC2 /* image2.png in Resources */,
				FD7FE20E1AAB123000BD0FC2 /* image3.png in Resources */,
			);
			runOnlyForDeploymentPostprocessing = 0;
		};
/* End PBXResourcesBuildPhase section */

/* Begin PBXSourcesBuildPhase section */
		FD3373951AAAF2AA00720414 /* Sources */ = {
			isa = PBXSourcesBuildPhase;
			buildActionMask = 2147483647;
			files = (
				FD3373A51AAAF2AA00720414 /* ViewController.m in Sources */,
				FD3373A21AAAF2AA00720414 /* AppDelegate.m in Sources */,
				FD33739F1AAAF2AA00720414 /* main.m in Sources */,
			);
			runOnlyForDeploymentPostprocessing = 0;
		};
		FD3373AE1AAAF2AA00720414 /* Sources */ = {
			isa = PBXSourcesBuildPhase;
			buildActionMask = 2147483647;
			files = (
				FD3373B91AAAF2AA00720414 /* AppExtensionTest1Tests.m in Sources */,
			);
			runOnlyForDeploymentPostprocessing = 0;
		};
		FD3373C21AAAF2D000720414 /* Sources */ = {
			isa = PBXSourcesBuildPhase;
			buildActionMask = 2147483647;
			files = (
				FD3373CF1AAAF2D000720414 /* TodayViewController.m in Sources */,
			);
			runOnlyForDeploymentPostprocessing = 0;
		};
/* End PBXSourcesBuildPhase section */

/* Begin PBXTargetDependency section */
		FD3373B41AAAF2AA00720414 /* PBXTargetDependency */ = {
			isa = PBXTargetDependency;
			target = FD3373981AAAF2AA00720414 /* AppExtensionTest1 */;
			targetProxy = FD3373B31AAAF2AA00720414 /* PBXContainerItemProxy */;
		};
		FD3373D31AAAF2D000720414 /* PBXTargetDependency */ = {
			isa = PBXTargetDependency;
			target = FD3373C51AAAF2D000720414 /* Widget */;
			targetProxy = FD3373D21AAAF2D000720414 /* PBXContainerItemProxy */;
		};
/* End PBXTargetDependency section */

/* Begin PBXVariantGroup section */
		FD3373A61AAAF2AA00720414 /* Main.storyboard */ = {
			isa = PBXVariantGroup;
			children = (
				FD3373A71AAAF2AA00720414 /* Base */,
			);
			name = Main.storyboard;
			sourceTree = "<group>";
		};
		FD3373AB1AAAF2AA00720414 /* LaunchScreen.xib */ = {
			isa = PBXVariantGroup;
			children = (
				FD3373AC1AAAF2AA00720414 /* Base */,
			);
			name = LaunchScreen.xib;
			sourceTree = "<group>";
		};
/* End PBXVariantGroup section */

/* Begin XCBuildConfiguration section */
		FD3373BA1AAAF2AA00720414 /* Debug */ = {
			isa = XCBuildConfiguration;
			buildSettings = {
				ALWAYS_SEARCH_USER_PATHS = NO;
				CLANG_CXX_LANGUAGE_STANDARD = "gnu++0x";
				CLANG_CXX_LIBRARY = "libc++";
				CLANG_ENABLE_MODULES = YES;
				CLANG_ENABLE_OBJC_ARC = YES;
				CLANG_WARN_BOOL_CONVERSION = YES;
				CLANG_WARN_CONSTANT_CONVERSION = YES;
				CLANG_WARN_DIRECT_OBJC_ISA_USAGE = YES_ERROR;
				CLANG_WARN_EMPTY_BODY = YES;
				CLANG_WARN_ENUM_CONVERSION = YES;
				CLANG_WARN_INT_CONVERSION = YES;
				CLANG_WARN_OBJC_ROOT_CLASS = YES_ERROR;
				CLANG_WARN_UNREACHABLE_CODE = YES;
				CLANG_WARN__DUPLICATE_METHOD_MATCH = YES;
				"CODE_SIGN_IDENTITY[sdk=iphoneos*]" = "iPhone Developer";
				COPY_PHASE_STRIP = NO;
				DEBUG_INFORMATION_FORMAT = dwarf;
				ENABLE_STRICT_OBJC_MSGSEND = YES;
				GCC_C_LANGUAGE_STANDARD = gnu99;
				GCC_DYNAMIC_NO_PIC = NO;
				GCC_NO_COMMON_BLOCKS = YES;
				GCC_OPTIMIZATION_LEVEL = 0;
				GCC_PREPROCESSOR_DEFINITIONS = (
					"DEBUG=1",
					"$(inherited)",
				);
				GCC_SYMBOLS_PRIVATE_EXTERN = NO;
				GCC_WARN_64_TO_32_BIT_CONVERSION = YES;
				GCC_WARN_ABOUT_RETURN_TYPE = YES_ERROR;
				GCC_WARN_UNDECLARED_SELECTOR = YES;
				GCC_WARN_UNINITIALIZED_AUTOS = YES_AGGRESSIVE;
				GCC_WARN_UNUSED_FUNCTION = YES;
				GCC_WARN_UNUSED_VARIABLE = YES;
				IPHONEOS_DEPLOYMENT_TARGET = 8.3;
				MTL_ENABLE_DEBUG_INFO = YES;
				ONLY_ACTIVE_ARCH = YES;
				SDKROOT = iphoneos;
				TARGETED_DEVICE_FAMILY = "1,2";
			};
			name = Debug;
		};
		FD3373BB1AAAF2AA00720414 /* Release */ = {
			isa = XCBuildConfiguration;
			buildSettings = {
				ALWAYS_SEARCH_USER_PATHS = NO;
				CLANG_CXX_LANGUAGE_STANDARD = "gnu++0x";
				CLANG_CXX_LIBRARY = "libc++";
				CLANG_ENABLE_MODULES = YES;
				CLANG_ENABLE_OBJC_ARC = YES;
				CLANG_WARN_BOOL_CONVERSION = YES;
				CLANG_WARN_CONSTANT_CONVERSION = YES;
				CLANG_WARN_DIRECT_OBJC_ISA_USAGE = YES_ERROR;
				CLANG_WARN_EMPTY_BODY = YES;
				CLANG_WARN_ENUM_CONVERSION = YES;
				CLANG_WARN_INT_CONVERSION = YES;
				CLANG_WARN_OBJC_ROOT_CLASS = YES_ERROR;
				CLANG_WARN_UNREACHABLE_CODE = YES;
				CLANG_WARN__DUPLICATE_METHOD_MATCH = YES;
				"CODE_SIGN_IDENTITY[sdk=iphoneos*]" = "iPhone Developer";
				COPY_PHASE_STRIP = NO;
				DEBUG_INFORMATION_FORMAT = "dwarf-with-dsym";
				ENABLE_NS_ASSERTIONS = NO;
				ENABLE_STRICT_OBJC_MSGSEND = YES;
				GCC_C_LANGUAGE_STANDARD = gnu99;
				GCC_NO_COMMON_BLOCKS = YES;
				GCC_WARN_64_TO_32_BIT_CONVERSION = YES;
				GCC_WARN_ABOUT_RETURN_TYPE = YES_ERROR;
				GCC_WARN_UNDECLARED_SELECTOR = YES;
				GCC_WARN_UNINITIALIZED_AUTOS = YES_AGGRESSIVE;
				GCC_WARN_UNUSED_FUNCTION = YES;
				GCC_WARN_UNUSED_VARIABLE = YES;
				IPHONEOS_DEPLOYMENT_TARGET = 8.3;
				MTL_ENABLE_DEBUG_INFO = NO;
				SDKROOT = iphoneos;
				TARGETED_DEVICE_FAMILY = "1,2";
				VALIDATE_PRODUCT = YES;
			};
			name = Release;
		};
		FD3373BD1AAAF2AA00720414 /* Debug */ = {
			isa = XCBuildConfiguration;
			buildSettings = {
				ASSETCATALOG_COMPILER_APPICON_NAME = AppIcon;
				INFOPLIST_FILE = AppExtensionTest1/Info.plist;
				IPHONEOS_DEPLOYMENT_TARGET = 8.0;
				LD_RUNPATH_SEARCH_PATHS = "$(inherited) @executable_path/Frameworks";
				PRODUCT_NAME = "$(TARGET_NAME)";
			};
			name = Debug;
		};
		FD3373BE1AAAF2AA00720414 /* Release */ = {
			isa = XCBuildConfiguration;
			buildSettings = {
				ASSETCATALOG_COMPILER_APPICON_NAME = AppIcon;
				INFOPLIST_FILE = AppExtensionTest1/Info.plist;
				IPHONEOS_DEPLOYMENT_TARGET = 8.0;
				LD_RUNPATH_SEARCH_PATHS = "$(inherited) @executable_path/Frameworks";
				PRODUCT_NAME = "$(TARGET_NAME)";
			};
			name = Release;
		};
		FD3373C01AAAF2AA00720414 /* Debug */ = {
			isa = XCBuildConfiguration;
			buildSettings = {
				BUNDLE_LOADER = "$(TEST_HOST)";
				FRAMEWORK_SEARCH_PATHS = (
					"$(SDKROOT)/Developer/Library/Frameworks",
					"$(inherited)",
				);
				GCC_PREPROCESSOR_DEFINITIONS = (
					"DEBUG=1",
					"$(inherited)",
				);
				INFOPLIST_FILE = AppExtensionTest1Tests/Info.plist;
				LD_RUNPATH_SEARCH_PATHS = "$(inherited) @executable_path/Frameworks @loader_path/Frameworks";
				PRODUCT_NAME = "$(TARGET_NAME)";
				TEST_HOST = "$(BUILT_PRODUCTS_DIR)/AppExtensionTest1.app/AppExtensionTest1";
			};
			name = Debug;
		};
		FD3373C11AAAF2AA00720414 /* Release */ = {
			isa = XCBuildConfiguration;
			buildSettings = {
				BUNDLE_LOADER = "$(TEST_HOST)";
				FRAMEWORK_SEARCH_PATHS = (
					"$(SDKROOT)/Developer/Library/Frameworks",
					"$(inherited)",
				);
				INFOPLIST_FILE = AppExtensionTest1Tests/Info.plist;
				LD_RUNPATH_SEARCH_PATHS = "$(inherited) @executable_path/Frameworks @loader_path/Frameworks";
				PRODUCT_NAME = "$(TARGET_NAME)";
				TEST_HOST = "$(BUILT_PRODUCTS_DIR)/AppExtensionTest1.app/AppExtensionTest1";
			};
			name = Release;
		};
		FD3373D61AAAF2D000720414 /* Debug */ = {
			isa = XCBuildConfiguration;
			buildSettings = {
				GCC_PREPROCESSOR_DEFINITIONS = (
					"DEBUG=1",
					"$(inherited)",
				);
				INFOPLIST_FILE = Widget/Info.plist;
				IPHONEOS_DEPLOYMENT_TARGET = 8.0;
				LD_RUNPATH_SEARCH_PATHS = "$(inherited) @executable_path/Frameworks @executable_path/../../Frameworks";
				PRODUCT_NAME = "$(TARGET_NAME)";
				SKIP_INSTALL = YES;
			};
			name = Debug;
		};
		FD3373D71AAAF2D000720414 /* Release */ = {
			isa = XCBuildConfiguration;
			buildSettings = {
				INFOPLIST_FILE = Widget/Info.plist;
				IPHONEOS_DEPLOYMENT_TARGET = 8.0;
				LD_RUNPATH_SEARCH_PATHS = "$(inherited) @executable_path/Frameworks @executable_path/../../Frameworks";
				PRODUCT_NAME = "$(TARGET_NAME)";
				SKIP_INSTALL = YES;
			};
			name = Release;
		};
/* End XCBuildConfiguration section */

/* Begin XCConfigurationList section */
		FD3373941AAAF2AA00720414 /* Build configuration list for PBXProject "AppExtensionTest1" */ = {
			isa = XCConfigurationList;
			buildConfigurations = (
				FD3373BA1AAAF2AA00720414 /* Debug */,
				FD3373BB1AAAF2AA00720414 /* Release */,
			);
			defaultConfigurationIsVisible = 0;
			defaultConfigurationName = Release;
		};
		FD3373BC1AAAF2AA00720414 /* Build configuration list for PBXNativeTarget "AppExtensionTest1" */ = {
			isa = XCConfigurationList;
			buildConfigurations = (
				FD3373BD1AAAF2AA00720414 /* Debug */,
				FD3373BE1AAAF2AA00720414 /* Release */,
			);
			defaultConfigurationIsVisible = 0;
			defaultConfigurationName = Release;
		};
		FD3373BF1AAAF2AA00720414 /* Build configuration list for PBXNativeTarget "AppExtensionTest1Tests" */ = {
			isa = XCConfigurationList;
			buildConfigurations = (
				FD3373C01AAAF2AA00720414 /* Debug */,
				FD3373C11AAAF2AA00720414 /* Release */,
			);
			defaultConfigurationIsVisible = 0;
			defaultConfigurationName = Release;
		};
		FD3373D51AAAF2D000720414 /* Build configuration list for PBXNativeTarget "Widget" */ = {
			isa = XCConfigurationList;
			buildConfigurations = (
				FD3373D61AAAF2D000720414 /* Debug */,
				FD3373D71AAAF2D000720414 /* Release */,
			);
			defaultConfigurationIsVisible = 0;
			defaultConfigurationName = Release;
		};
/* End XCConfigurationList section */
	};
	rootObject = FD3373911AAAF2AA00720414 /* Project object */;
}
